
Microsoft Visual Studio Solution File, Format Version 12.00
# Visual Studio Version 17
Project("{8BC9CEB8-8B4A-11D0-8D11-00A0C91BC942}") = "DaisyEngine", "DaisyEngine\DaisyEngine.vcxproj", "{755FE3D3-E114-5CC9-6A09-56A0D6BD52CD}"
EndProject
Global
	GlobalSection(SolutionConfigurationPlatforms) = preSolution
		Debug|x64 = Debug|x64
		Dist|x64 = Dist|x64
		Release|x64 = Release|x64
	EndGlobalSection
	GlobalSection(ProjectConfigurationPlatforms) = postSolution
		{755FE3D3-E114-5CC9-6A09-56A0D6BD52CD}.Debug|x64.ActiveCfg = Debug|x64
		{755FE3D3-E114-5CC9-6A09-56A0D6BD52CD}.Debug|x64.Build.0 = Debug|x64
		{755FE3D3-E114-5CC9-6A09-56A0D6BD52CD}.Dist|x64.ActiveCfg = Dist|x64
		{755FE3D3-E114-5CC9-6A09-56A0D6BD52CD}.Dist|x64.Build.0 = Dist|x64
		{755FE3D3-E114-5CC9-6A09-56A0D6BD52CD}.Release|x64.ActiveCfg = Release|x64
		{755FE3D3-E114-5CC9-6A09-56A0D6BD52CD}.Release|x64.Build.0 = Release|x64
	EndGlobalSection
	GlobalSection(SolutionProperties) = preSolution
		HideSolutionNode = FALSE
	EndGlobalSection
EndGlobal
